
Microsoft Visual Studio Solution File, Format Version 12.00
# Visual Studio 15
VisualStudioVersion = 15.0.26124.0
MinimumVisualStudioVersion = 15.0.26124.0
Project("{FAE04EC0-301F-11D3-BF4B-00C04F79EFBC}") = "application", "Api.Application\application.csproj", "{70E2F91E-9578-4867-8870-4A7A2ECFE64E}"
EndProject
Project("{FAE04EC0-301F-11D3-BF4B-00C04F79EFBC}") = "Domain", "Api.Domain\Domain.csproj", "{01478FB8-D04C-48C7-91DC-9412A98DFB71}"
EndProject
Project("{FAE04EC0-301F-11D3-BF4B-00C04F79EFBC}") = "CrossCutting", "Api.CrossCutting\CrossCutting.csproj", "{F53B09FE-6F45-44CF-957C-AEDC7B53DE0E}"
EndProject
Project("{FAE04EC0-301F-11D3-BF4B-00C04F79EFBC}") = "Data", "Api.Data\Data.csproj", "{9CBB56F9-EEF6-4784-94B2-CC0E80345AEC}"
EndProject
Project("{FAE04EC0-301F-11D3-BF4B-00C04F79EFBC}") = "Service", "Api.Service\Service.csproj", "{99BE70BE-2343-4834-BF10-F4BFBB178660}"
EndProject
Project("{FAE04EC0-301F-11D3-BF4B-00C04F79EFBC}") = "Api.Data.Test", "Api.Data.Test\Api.Data.Test.csproj", "{4F9F385C-CD46-4040-B67D-3BDFB3B51DFD}"
EndProject
Project("{FAE04EC0-301F-11D3-BF4B-00C04F79EFBC}") = "Api.Service.Test", "Api.Service.Test\Api.Service.Test.csproj", "{3064090B-C852-4DE2-B3A8-BE8BA81578E3}"
EndProject
Project("{FAE04EC0-301F-11D3-BF4B-00C04F79EFBC}") = "Api.Application.Test", "Api.Application.Test\Api.Application.Test.csproj", "{6F097CA2-7D90-4AF0-B16E-C4A597C2F2F5}"
EndProject
Project("{FAE04EC0-301F-11D3-BF4B-00C04F79EFBC}") = "Api.Integration.Test", "Api.Integration.Test\Api.Integration.Test.csproj", "{9734B952-6388-4F60-8CB8-45C9713665A5}"
EndProject
Global
	GlobalSection(SolutionConfigurationPlatforms) = preSolution
		Debug|Any CPU = Debug|Any CPU
		Debug|x64 = Debug|x64
		Debug|x86 = Debug|x86
		Release|Any CPU = Release|Any CPU
		Release|x64 = Release|x64
		Release|x86 = Release|x86
	EndGlobalSection
	GlobalSection(SolutionProperties) = preSolution
		HideSolutionNode = FALSE
	EndGlobalSection
	GlobalSection(ProjectConfigurationPlatforms) = postSolution
		{70E2F91E-9578-4867-8870-4A7A2ECFE64E}.Debug|Any CPU.ActiveCfg = Debug|Any CPU
		{70E2F91E-9578-4867-8870-4A7A2ECFE64E}.Debug|Any CPU.Build.0 = Debug|Any CPU
		{70E2F91E-9578-4867-8870-4A7A2ECFE64E}.Debug|x64.ActiveCfg = Debug|Any CPU
		{70E2F91E-9578-4867-8870-4A7A2ECFE64E}.Debug|x64.Build.0 = Debug|Any CPU
		{70E2F91E-9578-4867-8870-4A7A2ECFE64E}.Debug|x86.ActiveCfg = Debug|Any CPU
		{70E2F91E-9578-4867-8870-4A7A2ECFE64E}.Debug|x86.Build.0 = Debug|Any CPU
		{70E2F91E-9578-4867-8870-4A7A2ECFE64E}.Release|Any CPU.ActiveCfg = Release|Any CPU
		{70E2F91E-9578-4867-8870-4A7A2ECFE64E}.Release|Any CPU.Build.0 = Release|Any CPU
		{70E2F91E-9578-4867-8870-4A7A2ECFE64E}.Release|x64.ActiveCfg = Release|Any CPU
		{70E2F91E-9578-4867-8870-4A7A2ECFE64E}.Release|x64.Build.0 = Release|Any CPU
		{70E2F91E-9578-4867-8870-4A7A2ECFE64E}.Release|x86.ActiveCfg = Release|Any CPU
		{70E2F91E-9578-4867-8870-4A7A2ECFE64E}.Release|x86.Build.0 = Release|Any CPU
		{01478FB8-D04C-48C7-91DC-9412A98DFB71}.Debug|Any CPU.ActiveCfg = Debug|Any CPU
		{01478FB8-D04C-48C7-91DC-9412A98DFB71}.Debug|Any CPU.Build.0 = Debug|Any CPU
		{01478FB8-D04C-48C7-91DC-9412A98DFB71}.Debug|x64.ActiveCfg = Debug|Any CPU
		{01478FB8-D04C-48C7-91DC-9412A98DFB71}.Debug|x64.Build.0 = Debug|Any CPU
		{01478FB8-D04C-48C7-91DC-9412A98DFB71}.Debug|x86.ActiveCfg = Debug|Any CPU
		{01478FB8-D04C-48C7-91DC-9412A98DFB71}.Debug|x86.Build.0 = Debug|Any CPU
		{01478FB8-D04C-48C7-91DC-9412A98DFB71}.Release|Any CPU.ActiveCfg = Release|Any CPU
		{01478FB8-D04C-48C7-91DC-9412A98DFB71}.Release|Any CPU.Build.0 = Release|Any CPU
		{01478FB8-D04C-48C7-91DC-9412A98DFB71}.Release|x64.ActiveCfg = Release|Any CPU
		{01478FB8-D04C-48C7-91DC-9412A98DFB71}.Release|x64.Build.0 = Release|Any CPU
		{01478FB8-D04C-48C7-91DC-9412A98DFB71}.Release|x86.ActiveCfg = Release|Any CPU
		{01478FB8-D04C-48C7-91DC-9412A98DFB71}.Release|x86.Build.0 = Release|Any CPU
		{F53B09FE-6F45-44CF-957C-AEDC7B53DE0E}.Debug|Any CPU.ActiveCfg = Debug|Any CPU
		{F53B09FE-6F45-44CF-957C-AEDC7B53DE0E}.Debug|Any CPU.Build.0 = Debug|Any CPU
		{F53B09FE-6F45-44CF-957C-AEDC7B53DE0E}.Debug|x64.ActiveCfg = Debug|Any CPU
		{F53B09FE-6F45-44CF-957C-AEDC7B53DE0E}.Debug|x64.Build.0 = Debug|Any CPU
		{F53B09FE-6F45-44CF-957C-AEDC7B53DE0E}.Debug|x86.ActiveCfg = Debug|Any CPU
		{F53B09FE-6F45-44CF-957C-AEDC7B53DE0E}.Debug|x86.Build.0 = Debug|Any CPU
		{F53B09FE-6F45-44CF-957C-AEDC7B53DE0E}.Release|Any CPU.ActiveCfg = Release|Any CPU
		{F53B09FE-6F45-44CF-957C-AEDC7B53DE0E}.Release|Any CPU.Build.0 = Release|Any CPU
		{F53B09FE-6F45-44CF-957C-AEDC7B53DE0E}.Release|x64.ActiveCfg = Release|Any CPU
		{F53B09FE-6F45-44CF-957C-AEDC7B53DE0E}.Release|x64.Build.0 = Release|Any CPU
		{F53B09FE-6F45-44CF-957C-AEDC7B53DE0E}.Release|x86.ActiveCfg = Release|Any CPU
		{F53B09FE-6F45-44CF-957C-AEDC7B53DE0E}.Release|x86.Build.0 = Release|Any CPU
		{9CBB56F9-EEF6-4784-94B2-CC0E80345AEC}.Debug|Any CPU.ActiveCfg = Debug|Any CPU
		{9CBB56F9-EEF6-4784-94B2-CC0E80345AEC}.Debug|Any CPU.Build.0 = Debug|Any CPU
		{9CBB56F9-EEF6-4784-94B2-CC0E80345AEC}.Debug|x64.ActiveCfg = Debug|Any CPU
		{9CBB56F9-EEF6-4784-94B2-CC0E80345AEC}.Debug|x64.Build.0 = Debug|Any CPU
		{9CBB56F9-EEF6-4784-94B2-CC0E80345AEC}.Debug|x86.ActiveCfg = Debug|Any CPU
		{9CBB56F9-EEF6-4784-94B2-CC0E80345AEC}.Debug|x86.Build.0 = Debug|Any CPU
		{9CBB56F9-EEF6-4784-94B2-CC0E80345AEC}.Release|Any CPU.ActiveCfg = Release|Any CPU
		{9CBB56F9-EEF6-4784-94B2-CC0E80345AEC}.Release|Any CPU.Build.0 = Release|Any CPU
		{9CBB56F9-EEF6-4784-94B2-CC0E80345AEC}.Release|x64.ActiveCfg = Release|Any CPU
		{9CBB56F9-EEF6-4784-94B2-CC0E80345AEC}.Release|x64.Build.0 = Release|Any CPU
		{9CBB56F9-EEF6-4784-94B2-CC0E80345AEC}.Release|x86.ActiveCfg = Release|Any CPU
		{9CBB56F9-EEF6-4784-94B2-CC0E80345AEC}.Release|x86.Build.0 = Release|Any CPU
		{99BE70BE-2343-4834-BF10-F4BFBB178660}.Debug|Any CPU.ActiveCfg = Debug|Any CPU
		{99BE70BE-2343-4834-BF10-F4BFBB178660}.Debug|Any CPU.Build.0 = Debug|Any CPU
		{99BE70BE-2343-4834-BF10-F4BFBB178660}.Debug|x64.ActiveCfg = Debug|Any CPU
		{99BE70BE-2343-4834-BF10-F4BFBB178660}.Debug|x64.Build.0 = Debug|Any CPU
		{99BE70BE-2343-4834-BF10-F4BFBB178660}.Debug|x86.ActiveCfg = Debug|Any CPU
		{99BE70BE-2343-4834-BF10-F4BFBB178660}.Debug|x86.Build.0 = Debug|Any CPU
		{99BE70BE-2343-4834-BF10-F4BFBB178660}.Release|Any CPU.ActiveCfg = Release|Any CPU
		{99BE70BE-2343-4834-BF10-F4BFBB178660}.Release|Any CPU.Build.0 = Release|Any CPU
		{99BE70BE-2343-4834-BF10-F4BFBB178660}.Release|x64.ActiveCfg = Release|Any CPU
		{99BE70BE-2343-4834-BF10-F4BFBB178660}.Release|x64.Build.0 = Release|Any CPU
		{99BE70BE-2343-4834-BF10-F4BFBB178660}.Release|x86.ActiveCfg = Release|Any CPU
		{99BE70BE-2343-4834-BF10-F4BFBB178660}.Release|x86.Build.0 = Release|Any CPU
		{4F9F385C-CD46-4040-B67D-3BDFB3B51DFD}.Debug|Any CPU.ActiveCfg = Debug|Any CPU
		{4F9F385C-CD46-4040-B67D-3BDFB3B51DFD}.Debug|Any CPU.Build.0 = Debug|Any CPU
		{4F9F385C-CD46-4040-B67D-3BDFB3B51DFD}.Debug|x64.ActiveCfg = Debug|Any CPU
		{4F9F385C-CD46-4040-B67D-3BDFB3B51DFD}.Debug|x64.Build.0 = Debug|Any CPU
		{4F9F385C-CD46-4040-B67D-3BDFB3B51DFD}.Debug|x86.ActiveCfg = Debug|Any CPU
		{4F9F385C-CD46-4040-B67D-3BDFB3B51DFD}.Debug|x86.Build.0 = Debug|Any CPU
		{4F9F385C-CD46-4040-B67D-3BDFB3B51DFD}.Release|Any CPU.ActiveCfg = Release|Any CPU
		{4F9F385C-CD46-4040-B67D-3BDFB3B51DFD}.Release|Any CPU.Build.0 = Release|Any CPU
		{4F9F385C-CD46-4040-B67D-3BDFB3B51DFD}.Release|x64.ActiveCfg = Release|Any CPU
		{4F9F385C-CD46-4040-B67D-3BDFB3B51DFD}.Release|x64.Build.0 = Release|Any CPU
		{4F9F385C-CD46-4040-B67D-3BDFB3B51DFD}.Release|x86.ActiveCfg = Release|Any CPU
		{4F9F385C-CD46-4040-B67D-3BDFB3B51DFD}.Release|x86.Build.0 = Release|Any CPU
		{3064090B-C852-4DE2-B3A8-BE8BA81578E3}.Debug|Any CPU.ActiveCfg = Debug|Any CPU
		{3064090B-C852-4DE2-B3A8-BE8BA81578E3}.Debug|Any CPU.Build.0 = Debug|Any CPU
		{3064090B-C852-4DE2-B3A8-BE8BA81578E3}.Debug|x64.ActiveCfg = Debug|Any CPU
		{3064090B-C852-4DE2-B3A8-BE8BA81578E3}.Debug|x64.Build.0 = Debug|Any CPU
		{3064090B-C852-4DE2-B3A8-BE8BA81578E3}.Debug|x86.ActiveCfg = Debug|Any CPU
		{3064090B-C852-4DE2-B3A8-BE8BA81578E3}.Debug|x86.Build.0 = Debug|Any CPU
		{3064090B-C852-4DE2-B3A8-BE8BA81578E3}.Release|Any CPU.ActiveCfg = Release|Any CPU
		{3064090B-C852-4DE2-B3A8-BE8BA81578E3}.Release|Any CPU.Build.0 = Release|Any CPU
		{3064090B-C852-4DE2-B3A8-BE8BA81578E3}.Release|x64.ActiveCfg = Release|Any CPU
		{3064090B-C852-4DE2-B3A8-BE8BA81578E3}.Release|x64.Build.0 = Release|Any CPU
		{3064090B-C852-4DE2-B3A8-BE8BA81578E3}.Release|x86.ActiveCfg = Release|Any CPU
		{3064090B-C852-4DE2-B3A8-BE8BA81578E3}.Release|x86.Build.0 = Release|Any CPU
		{6F097CA2-7D90-4AF0-B16E-C4A597C2F2F5}.Debug|Any CPU.ActiveCfg = Debug|Any CPU
		{6F097CA2-7D90-4AF0-B16E-C4A597C2F2F5}.Debug|Any CPU.Build.0 = Debug|Any CPU
		{6F097CA2-7D90-4AF0-B16E-C4A597C2F2F5}.Debug|x64.ActiveCfg = Debug|Any CPU
		{6F097CA2-7D90-4AF0-B16E-C4A597C2F2F5}.Debug|x64.Build.0 = Debug|Any CPU
		{6F097CA2-7D90-4AF0-B16E-C4A597C2F2F5}.Debug|x86.ActiveCfg = Debug|Any CPU
		{6F097CA2-7D90-4AF0-B16E-C4A597C2F2F5}.Debug|x86.Build.0 = Debug|Any CPU
		{6F097CA2-7D90-4AF0-B16E-C4A597C2F2F5}.Release|Any CPU.ActiveCfg = Release|Any CPU
		{6F097CA2-7D90-4AF0-B16E-C4A597C2F2F5}.Release|Any CPU.Build.0 = Release|Any CPU
		{6F097CA2-7D90-4AF0-B16E-C4A597C2F2F5}.Release|x64.ActiveCfg = Release|Any CPU
		{6F097CA2-7D90-4AF0-B16E-C4A597C2F2F5}.Release|x64.Build.0 = Release|Any CPU
		{6F097CA2-7D90-4AF0-B16E-C4A597C2F2F5}.Release|x86.ActiveCfg = Release|Any CPU
		{6F097CA2-7D90-4AF0-B16E-C4A597C2F2F5}.Release|x86.Build.0 = Release|Any CPU
		{9734B952-6388-4F60-8CB8-45C9713665A5}.Debug|Any CPU.ActiveCfg = Debug|Any CPU
		{9734B952-6388-4F60-8CB8-45C9713665A5}.Debug|Any CPU.Build.0 = Debug|Any CPU
		{9734B952-6388-4F60-8CB8-45C9713665A5}.Debug|x64.ActiveCfg = Debug|Any CPU
		{9734B952-6388-4F60-8CB8-45C9713665A5}.Debug|x64.Build.0 = Debug|Any CPU
		{9734B952-6388-4F60-8CB8-45C9713665A5}.Debug|x86.ActiveCfg = Debug|Any CPU
		{9734B952-6388-4F60-8CB8-45C9713665A5}.Debug|x86.Build.0 = Debug|Any CPU
		{9734B952-6388-4F60-8CB8-45C9713665A5}.Release|Any CPU.ActiveCfg = Release|Any CPU
		{9734B952-6388-4F60-8CB8-45C9713665A5}.Release|Any CPU.Build.0 = Release|Any CPU
		{9734B952-6388-4F60-8CB8-45C9713665A5}.Release|x64.ActiveCfg = Release|Any CPU
		{9734B952-6388-4F60-8CB8-45C9713665A5}.Release|x64.Build.0 = Release|Any CPU
		{9734B952-6388-4F60-8CB8-45C9713665A5}.Release|x86.ActiveCfg = Release|Any CPU
		{9734B952-6388-4F60-8CB8-45C9713665A5}.Release|x86.Build.0 = Release|Any CPU
	EndGlobalSection
EndGlobal
